
Microsoft Visual Studio Solution File, Format Version 12.00
# Visual Studio Version 16
VisualStudioVersion = 16.0.32228.343
MinimumVisualStudioVersion = 10.0.40219.1
Project("{8BC9CEB8-8B4A-11D0-8D11-00A0C91BC942}") = "project01", "project01\project01.vcxproj", "{B567038C-6F43-4F6E-8A13-794D78667C0D}"
EndProject
Global
	GlobalSection(SolutionConfigurationPlatforms) = preSolution
		Debug|x64 = Debug|x64
		Debug|x86 = Debug|x86
		Release|x64 = Release|x64
		Release|x86 = Release|x86
	EndGlobalSection
	GlobalSection(ProjectConfigurationPlatforms) = postSolution
		{B567038C-6F43-4F6E-8A13-794D78667C0D}.Debug|x64.ActiveCfg = Debug|x64
		{B567038C-6F43-4F6E-8A13-794D78667C0D}.Debug|x64.Build.0 = Debug|x64
		{B567038C-6F43-4F6E-8A13-794D78667C0D}.Debug|x86.ActiveCfg = Debug|Win32
		{B567038C-6F43-4F6E-8A13-794D78667C0D}.Debug|x86.Build.0 = Debug|Win32
		{B567038C-6F43-4F6E-8A13-794D78667C0D}.Release|x64.ActiveCfg = Release|x64
		{B567038C-6F43-4F6E-8A13-794D78667C0D}.Release|x64.Build.0 = Release|x64
		{B567038C-6F43-4F6E-8A13-794D78667C0D}.Release|x86.ActiveCfg = Release|Win32
		{B567038C-6F43-4F6E-8A13-794D78667C0D}.Release|x86.Build.0 = Release|Win32
	EndGlobalSection
	GlobalSection(SolutionProperties) = preSolution
		HideSolutionNode = FALSE
	EndGlobalSection
	GlobalSection(ExtensibilityGlobals) = postSolution
		SolutionGuid = {5CC28BB9-33A6-4130-89F8-6471196F846B}
	EndGlobalSection
EndGlobal
